
Microsoft Visual Studio Solution File, Format Version 12.00
# Visual Studio Version 17
VisualStudioVersion = 17.3.32825.248
MinimumVisualStudioVersion = 10.0.40219.1
Project("{8BC9CEB8-8B4A-11D0-8D11-00A0C91BC942}") = "19.- Funciones (Valor-Referencia)", "19.- Funciones (Valor-Referencia)\19.- Funciones (Valor-Referencia).vcxproj", "{F51EF098-DC13-4BF9-816A-2F0BADE50766}"
EndProject
Global
	GlobalSection(SolutionConfigurationPlatforms) = preSolution
		Debug|x64 = Debug|x64
		Debug|x86 = Debug|x86
		Release|x64 = Release|x64
		Release|x86 = Release|x86
	EndGlobalSection
	GlobalSection(ProjectConfigurationPlatforms) = postSolution
		{F51EF098-DC13-4BF9-816A-2F0BADE50766}.Debug|x64.ActiveCfg = Debug|x64
		{F51EF098-DC13-4BF9-816A-2F0BADE50766}.Debug|x64.Build.0 = Debug|x64
		{F51EF098-DC13-4BF9-816A-2F0BADE50766}.Debug|x86.ActiveCfg = Debug|Win32
		{F51EF098-DC13-4BF9-816A-2F0BADE50766}.Debug|x86.Build.0 = Debug|Win32
		{F51EF098-DC13-4BF9-816A-2F0BADE50766}.Release|x64.ActiveCfg = Release|x64
		{F51EF098-DC13-4BF9-816A-2F0BADE50766}.Release|x64.Build.0 = Release|x64
		{F51EF098-DC13-4BF9-816A-2F0BADE50766}.Release|x86.ActiveCfg = Release|Win32
		{F51EF098-DC13-4BF9-816A-2F0BADE50766}.Release|x86.Build.0 = Release|Win32
	EndGlobalSection
	GlobalSection(SolutionProperties) = preSolution
		HideSolutionNode = FALSE
	EndGlobalSection
	GlobalSection(ExtensibilityGlobals) = postSolution
		SolutionGuid = {363F277A-3E5F-4550-993A-D00E6A7D9A0A}
	EndGlobalSection
EndGlobal
