
Microsoft Visual Studio Solution File, Format Version 12.00
# Visual Studio Version 17
VisualStudioVersion = 17.3.32825.248
MinimumVisualStudioVersion = 10.0.40219.1
Project("{8BC9CEB8-8B4A-11D0-8D11-00A0C91BC942}") = "7.- Cadenas de texto", "7.- Cadenas de texto\7.- Cadenas de texto.vcxproj", "{71FAD741-8985-458B-AFCA-37C45222420C}"
EndProject
Global
	GlobalSection(SolutionConfigurationPlatforms) = preSolution
		Debug|x64 = Debug|x64
		Debug|x86 = Debug|x86
		Release|x64 = Release|x64
		Release|x86 = Release|x86
	EndGlobalSection
	GlobalSection(ProjectConfigurationPlatforms) = postSolution
		{71FAD741-8985-458B-AFCA-37C45222420C}.Debug|x64.ActiveCfg = Debug|x64
		{71FAD741-8985-458B-AFCA-37C45222420C}.Debug|x64.Build.0 = Debug|x64
		{71FAD741-8985-458B-AFCA-37C45222420C}.Debug|x86.ActiveCfg = Debug|Win32
		{71FAD741-8985-458B-AFCA-37C45222420C}.Debug|x86.Build.0 = Debug|Win32
		{71FAD741-8985-458B-AFCA-37C45222420C}.Release|x64.ActiveCfg = Release|x64
		{71FAD741-8985-458B-AFCA-37C45222420C}.Release|x64.Build.0 = Release|x64
		{71FAD741-8985-458B-AFCA-37C45222420C}.Release|x86.ActiveCfg = Release|Win32
		{71FAD741-8985-458B-AFCA-37C45222420C}.Release|x86.Build.0 = Release|Win32
	EndGlobalSection
	GlobalSection(SolutionProperties) = preSolution
		HideSolutionNode = FALSE
	EndGlobalSection
	GlobalSection(ExtensibilityGlobals) = postSolution
		SolutionGuid = {40847D85-091F-4233-8CBC-0D6DD1E8450C}
	EndGlobalSection
EndGlobal
