
Microsoft Visual Studio Solution File, Format Version 12.00
# Visual Studio Version 17
VisualStudioVersion = 17.2.32519.379
MinimumVisualStudioVersion = 10.0.40219.1
Project("{8BC9CEB8-8B4A-11D0-8D11-00A0C91BC942}") = "Holass", "Holass\Holass.vcxproj", "{EEF44B69-D3CC-423C-B6D5-B0E0C0363B91}"
EndProject
Global
	GlobalSection(SolutionConfigurationPlatforms) = preSolution
		Debug|x64 = Debug|x64
		Debug|x86 = Debug|x86
		Release|x64 = Release|x64
		Release|x86 = Release|x86
	EndGlobalSection
	GlobalSection(ProjectConfigurationPlatforms) = postSolution
		{EEF44B69-D3CC-423C-B6D5-B0E0C0363B91}.Debug|x64.ActiveCfg = Debug|x64
		{EEF44B69-D3CC-423C-B6D5-B0E0C0363B91}.Debug|x64.Build.0 = Debug|x64
		{EEF44B69-D3CC-423C-B6D5-B0E0C0363B91}.Debug|x86.ActiveCfg = Debug|Win32
		{EEF44B69-D3CC-423C-B6D5-B0E0C0363B91}.Debug|x86.Build.0 = Debug|Win32
		{EEF44B69-D3CC-423C-B6D5-B0E0C0363B91}.Release|x64.ActiveCfg = Release|x64
		{EEF44B69-D3CC-423C-B6D5-B0E0C0363B91}.Release|x64.Build.0 = Release|x64
		{EEF44B69-D3CC-423C-B6D5-B0E0C0363B91}.Release|x86.ActiveCfg = Release|Win32
		{EEF44B69-D3CC-423C-B6D5-B0E0C0363B91}.Release|x86.Build.0 = Release|Win32
	EndGlobalSection
	GlobalSection(SolutionProperties) = preSolution
		HideSolutionNode = FALSE
	EndGlobalSection
	GlobalSection(ExtensibilityGlobals) = postSolution
		SolutionGuid = {942B6514-6787-4594-97C3-8D68302F25C1}
	EndGlobalSection
EndGlobal
